
Microsoft Visual Studio Solution File, Format Version 12.00
# Visual Studio Version 16
VisualStudioVersion = 16.0.30114.105
MinimumVisualStudioVersion = 10.0.40219.1
Project("{FAE04EC0-301F-11D3-BF4B-00C04F79EFBC}") = "checkers-api", "checkers-api\checkers-api.csproj", "{56CF0B39-9DF5-4857-A364-1FFF73930FC0}"
EndProject
Project("{FAE04EC0-301F-11D3-BF4B-00C04F79EFBC}") = "checkers-server", "checkers-server\checkers-server.csproj", "{691F6022-EE63-4EB9-9740-12BBC908204D}"
EndProject
Project("{FAE04EC0-301F-11D3-BF4B-00C04F79EFBC}") = "checkers-shared", "checkers-shared\checkers-shared.csproj", "{AE02AB4C-8ED9-40B2-8BEC-AD3AAF8253EB}"
EndProject
Project("{FAE04EC0-301F-11D3-BF4B-00C04F79EFBC}") = "checkers-game", "checkers-game\checkers-game.csproj", "{6C9139D4-D417-44E3-82A8-76A75684E086}"
EndProject
Global
	GlobalSection(SolutionConfigurationPlatforms) = preSolution
		Debug|Any CPU = Debug|Any CPU
		Release|Any CPU = Release|Any CPU
	EndGlobalSection
	GlobalSection(SolutionProperties) = preSolution
		HideSolutionNode = FALSE
	EndGlobalSection
	GlobalSection(ProjectConfigurationPlatforms) = postSolution
		{56CF0B39-9DF5-4857-A364-1FFF73930FC0}.Debug|Any CPU.ActiveCfg = Debug|Any CPU
		{56CF0B39-9DF5-4857-A364-1FFF73930FC0}.Debug|Any CPU.Build.0 = Debug|Any CPU
		{56CF0B39-9DF5-4857-A364-1FFF73930FC0}.Release|Any CPU.ActiveCfg = Release|Any CPU
		{56CF0B39-9DF5-4857-A364-1FFF73930FC0}.Release|Any CPU.Build.0 = Release|Any CPU
		{691F6022-EE63-4EB9-9740-12BBC908204D}.Debug|Any CPU.ActiveCfg = Debug|Any CPU
		{691F6022-EE63-4EB9-9740-12BBC908204D}.Debug|Any CPU.Build.0 = Debug|Any CPU
		{691F6022-EE63-4EB9-9740-12BBC908204D}.Release|Any CPU.ActiveCfg = Release|Any CPU
		{691F6022-EE63-4EB9-9740-12BBC908204D}.Release|Any CPU.Build.0 = Release|Any CPU
		{AE02AB4C-8ED9-40B2-8BEC-AD3AAF8253EB}.Debug|Any CPU.ActiveCfg = Debug|Any CPU
		{AE02AB4C-8ED9-40B2-8BEC-AD3AAF8253EB}.Debug|Any CPU.Build.0 = Debug|Any CPU
		{AE02AB4C-8ED9-40B2-8BEC-AD3AAF8253EB}.Release|Any CPU.ActiveCfg = Release|Any CPU
		{AE02AB4C-8ED9-40B2-8BEC-AD3AAF8253EB}.Release|Any CPU.Build.0 = Release|Any CPU
		{6C9139D4-D417-44E3-82A8-76A75684E086}.Debug|Any CPU.ActiveCfg = Debug|Any CPU
		{6C9139D4-D417-44E3-82A8-76A75684E086}.Debug|Any CPU.Build.0 = Debug|Any CPU
		{6C9139D4-D417-44E3-82A8-76A75684E086}.Release|Any CPU.ActiveCfg = Release|Any CPU
		{6C9139D4-D417-44E3-82A8-76A75684E086}.Release|Any CPU.Build.0 = Release|Any CPU
	EndGlobalSection
EndGlobal
